
Microsoft Visual Studio Solution File, Format Version 12.00
# Visual Studio Version 16
VisualStudioVersion = 16.0.29609.76
MinimumVisualStudioVersion = 10.0.40219.1
Project("{FAE04EC0-301F-11D3-BF4B-00C04F79EFBC}") = "Persona", "Persona.csproj", "{D2AEC0D7-3A1A-4657-9C5C-C7D0723E61FE}"
EndProject
Global
	GlobalSection(SolutionConfigurationPlatforms) = preSolution
		Debug|Any CPU = Debug|Any CPU
		Release|Any CPU = Release|Any CPU
	EndGlobalSection
	GlobalSection(ProjectConfigurationPlatforms) = postSolution
		{D2AEC0D7-3A1A-4657-9C5C-C7D0723E61FE}.Debug|Any CPU.ActiveCfg = Debug|Any CPU
		{D2AEC0D7-3A1A-4657-9C5C-C7D0723E61FE}.Debug|Any CPU.Build.0 = Debug|Any CPU
		{D2AEC0D7-3A1A-4657-9C5C-C7D0723E61FE}.Release|Any CPU.ActiveCfg = Release|Any CPU
		{D2AEC0D7-3A1A-4657-9C5C-C7D0723E61FE}.Release|Any CPU.Build.0 = Release|Any CPU
	EndGlobalSection
	GlobalSection(SolutionProperties) = preSolution
		HideSolutionNode = FALSE
	EndGlobalSection
	GlobalSection(ExtensibilityGlobals) = postSolution
		SolutionGuid = {04F2D9B1-A391-4F88-82CF-49547B9FFB30}
	EndGlobalSection
EndGlobal
